{
  "name": "ui-svelte",
  "version": "1.0.0",
  "lockfileVersion": 3,
  "requires": true,
  "packages": {
    "": {
      "name": "ui-svelte",
      "version": "1.0.0",
      "dependencies": {
        "@vizualmodel/vmblu-runtime": "file:../runtime"
      }
    },
    "node_modules/@vizualmodel/vmblu-runtime": {
      "version": "0.3.0",
      "resolved": "file:../runtime",
      "license": "Apache-2.0",
      "engines": {
        "node": ">=18"
      }
    }
  }
}
